<?xml version="1.0" encoding="utf-8"?>
<Project ToolsVersion="4.0" xmlns="http://schemas.microsoft.com/developer/msbuild/2003">
  <ItemGroup>
    <Filter Include="Source Files">
      <UniqueIdentifier>{4FC737F1-C7A5-4376-A066-2A32D752A2FF}</UniqueIdentifier>
      <Extensions>cpp;c;cxx;def;odl;idl;hpj;bat;asm;asmx</Extensions>
    </Filter>
    <Filter Include="Source Files\unicode">
      <UniqueIdentifier>{3ed478b7-c119-4ff9-a1b5-28c733b878cb}</UniqueIdentifier>
    </Filter>
    <Filter Include="Source Files\xml">
      <UniqueIdentifier>{30ad91cb-6b41-4837-8a16-2621a80040f9}</UniqueIdentifier>
    </Filter>
    <Filter Include="Source Files\common">
      <UniqueIdentifier>{7e149704-7698-4648-bf73-970bed827894}</UniqueIdentifier>
    </Filter>
    <Filter Include="Source Files\unzip">
      <UniqueIdentifier>{086aa84d-7270-4e82-9a5f-8fc20d52856e}</UniqueIdentifier>
    </Filter>
    <Filter Include="Source Files\colorer">
      <UniqueIdentifier>{bbf24c28-12e6-4e1f-b44d-9ae6d1c7cbd1}</UniqueIdentifier>
    </Filter>
    <Filter Include="Source Files\colorer\viewer">
      <UniqueIdentifier>{c9e7bc16-0edf-4b8b-b623-03208ba5d953}</UniqueIdentifier>
    </Filter>
    <Filter Include="Source Files\colorer\handlers">
      <UniqueIdentifier>{63f5a6cd-541f-4011-98a0-48d8d3851699}</UniqueIdentifier>
    </Filter>
    <Filter Include="Source Files\colorer\editor">
      <UniqueIdentifier>{a69f90f5-71b6-46a1-baa0-ea5679a6c965}</UniqueIdentifier>
    </Filter>
    <Filter Include="Source Files\colorer\parser">
      <UniqueIdentifier>{d79bdc32-d16c-41ea-a0b4-2017bd71f1e1}</UniqueIdentifier>
    </Filter>
    <Filter Include="Header Files">
      <UniqueIdentifier>{93995380-89BD-4b04-88EB-625FBE52EBFB}</UniqueIdentifier>
      <Extensions>h;hpp;hxx;hm;inl;inc;xsd</Extensions>
    </Filter>
    <Filter Include="Resource Files">
      <UniqueIdentifier>{67DA6AB6-F800-4c08-8B7A-83BB121AAD01}</UniqueIdentifier>
      <Extensions>rc;ico;cur;bmp;dlg;rc2;rct;bin;rgs;gif;jpg;jpeg;jpe;resx</Extensions>
    </Filter>
  </ItemGroup>
  <ItemGroup>
    <ClCompile Include="..\shared\unicode\BitArray.cpp">
      <Filter>Source Files\unicode</Filter>
    </ClCompile>
    <ClCompile Include="..\shared\unicode\Character.cpp">
      <Filter>Source Files\unicode</Filter>
    </ClCompile>
    <ClCompile Include="..\shared\unicode\CharacterClass.cpp">
      <Filter>Source Files\unicode</Filter>
    </ClCompile>
    <ClCompile Include="..\shared\unicode\DString.cpp">
      <Filter>Source Files\unicode</Filter>
    </ClCompile>
    <ClCompile Include="..\shared\unicode\Encodings.cpp">
      <Filter>Source Files\unicode</Filter>
    </ClCompile>
    <ClCompile Include="..\shared\unicode\SString.cpp">
      <Filter>Source Files\unicode</Filter>
    </ClCompile>
    <ClCompile Include="..\shared\unicode\String.cpp">
      <Filter>Source Files\unicode</Filter>
    </ClCompile>
    <ClCompile Include="..\shared\unicode\StringBuffer.cpp">
      <Filter>Source Files\unicode</Filter>
    </ClCompile>
    <ClCompile Include="..\shared\unicode\UnicodeTools.cpp">
      <Filter>Source Files\unicode</Filter>
    </ClCompile>
    <ClCompile Include="..\shared\xml\xmldom.cpp">
      <Filter>Source Files\xml</Filter>
    </ClCompile>
    <ClCompile Include="..\shared\cregexp\cregexp.cpp">
      <Filter>Source Files\common</Filter>
    </ClCompile>
    <ClCompile Include="..\shared\colorer\handlers\ErrorHandlerWriter.cpp">
      <Filter>Source Files\common</Filter>
    </ClCompile>
    <ClCompile Include="..\shared\common\Exception.cpp">
      <Filter>Source Files\common</Filter>
    </ClCompile>
    <ClCompile Include="..\shared\common\io\FileInputSource.cpp">
      <Filter>Source Files\common</Filter>
    </ClCompile>
    <ClCompile Include="..\shared\common\io\FileWriter.cpp">
      <Filter>Source Files\common</Filter>
    </ClCompile>
    <ClCompile Include="..\shared\common\io\HTTPInputSource.cpp">
      <Filter>Source Files\common</Filter>
    </ClCompile>
    <ClCompile Include="..\shared\common\io\InputSource.cpp">
      <Filter>Source Files\common</Filter>
    </ClCompile>
    <ClCompile Include="..\shared\common\io\JARInputSource.cpp">
      <Filter>Source Files\common</Filter>
    </ClCompile>
    <ClCompile Include="..\shared\common\Logging.cpp">
      <Filter>Source Files\common</Filter>
    </ClCompile>
    <ClCompile Include="..\shared\misc\malloc.c">
      <Filter>Source Files\common</Filter>
    </ClCompile>
    <ClCompile Include="..\shared\common\MemoryChunks.cpp">
      <Filter>Source Files\common</Filter>
    </ClCompile>
    <ClCompile Include="..\shared\common\io\SharedInputSource.cpp">
      <Filter>Source Files\common</Filter>
    </ClCompile>
    <ClCompile Include="..\shared\common\io\StreamWriter.cpp">
      <Filter>Source Files\common</Filter>
    </ClCompile>
    <ClCompile Include="..\shared\common\io\Writer.cpp">
      <Filter>Source Files\common</Filter>
    </ClCompile>
    <ClCompile Include="..\zlib\adler32.c">
      <Filter>Source Files\unzip</Filter>
    </ClCompile>
    <ClCompile Include="..\zlib\crc32.c">
      <Filter>Source Files\unzip</Filter>
    </ClCompile>
    <ClCompile Include="..\zlib\inffast.c">
      <Filter>Source Files\unzip</Filter>
    </ClCompile>
    <ClCompile Include="..\zlib\inflate.c">
      <Filter>Source Files\unzip</Filter>
    </ClCompile>
    <ClCompile Include="..\zlib\inftrees.c">
      <Filter>Source Files\unzip</Filter>
    </ClCompile>
    <ClCompile Include="..\zlib\contrib\minizip\ioapi.c">
      <Filter>Source Files\unzip</Filter>
    </ClCompile>
    <ClCompile Include="..\zlib\uncompr.c">
      <Filter>Source Files\unzip</Filter>
    </ClCompile>
    <ClCompile Include="..\zlib\contrib\minizip\unzip.c">
      <Filter>Source Files\unzip</Filter>
    </ClCompile>
    <ClCompile Include="..\zlib\zutil.c">
      <Filter>Source Files\unzip</Filter>
    </ClCompile>
    <ClCompile Include="..\shared\colorer\ParserFactory.cpp">
      <Filter>Source Files\colorer</Filter>
    </ClCompile>
    <ClCompile Include="..\shared\colorer\viewer\ConsoleTools.cpp">
      <Filter>Source Files\colorer\viewer</Filter>
    </ClCompile>
    <ClCompile Include="ConsoleToolsRunner.cpp">
      <Filter>Source Files\colorer\viewer</Filter>
    </ClCompile>
    <ClCompile Include="..\shared\colorer\viewer\TextConsoleViewer.cpp">
      <Filter>Source Files\colorer\viewer</Filter>
    </ClCompile>
    <ClCompile Include="..\shared\colorer\viewer\TextLinesStore.cpp">
      <Filter>Source Files\colorer\viewer</Filter>
    </ClCompile>
    <ClCompile Include="..\shared\colorer\handlers\FileErrorHandler.cpp">
      <Filter>Source Files\colorer\handlers</Filter>
    </ClCompile>
    <ClCompile Include="..\shared\colorer\handlers\LineRegionsCompactSupport.cpp">
      <Filter>Source Files\colorer\handlers</Filter>
    </ClCompile>
    <ClCompile Include="..\shared\colorer\handlers\LineRegionsSupport.cpp">
      <Filter>Source Files\colorer\handlers</Filter>
    </ClCompile>
    <ClCompile Include="..\shared\colorer\handlers\RegionMapperImpl.cpp">
      <Filter>Source Files\colorer\handlers</Filter>
    </ClCompile>
    <ClCompile Include="..\shared\colorer\handlers\StyledHRDMapper.cpp">
      <Filter>Source Files\colorer\handlers</Filter>
    </ClCompile>
    <ClCompile Include="..\shared\colorer\handlers\TextHRDMapper.cpp">
      <Filter>Source Files\colorer\handlers</Filter>
    </ClCompile>
    <ClCompile Include="..\shared\colorer\editor\BaseEditor.cpp">
      <Filter>Source Files\colorer\editor</Filter>
    </ClCompile>
    <ClCompile Include="..\shared\colorer\editor\Outliner.cpp">
      <Filter>Source Files\colorer\editor</Filter>
    </ClCompile>
    <ClCompile Include="..\shared\colorer\parsers\helpers\HRCParserHelpers.cpp">
      <Filter>Source Files\colorer\parser</Filter>
    </ClCompile>
    <ClCompile Include="..\shared\colorer\parsers\HRCParserImpl.cpp">
      <Filter>Source Files\colorer\parser</Filter>
    </ClCompile>
    <ClCompile Include="..\shared\colorer\parsers\helpers\TextParserHelpers.cpp">
      <Filter>Source Files\colorer\parser</Filter>
    </ClCompile>
    <ClCompile Include="..\shared\colorer\parsers\TextParserImpl.cpp">
      <Filter>Source Files\colorer\parser</Filter>
    </ClCompile>
  </ItemGroup>
  <ItemGroup>
    <ClInclude Include="..\shared\colorer\_template.h">
      <Filter>Header Files</Filter>
    </ClInclude>
    <ClInclude Include="..\shared\colorer\editor\BaseEditor.h">
      <Filter>Header Files</Filter>
    </ClInclude>
    <ClInclude Include="..\shared\unicode\BitArray.h">
      <Filter>Header Files</Filter>
    </ClInclude>
    <ClInclude Include="..\shared\unicode\Character.h">
      <Filter>Header Files</Filter>
    </ClInclude>
    <ClInclude Include="..\shared\unicode\CharacterClass.h">
      <Filter>Header Files</Filter>
    </ClInclude>
    <ClInclude Include="..\shared\common\Common.h">
      <Filter>Header Files</Filter>
    </ClInclude>
    <ClInclude Include="..\shared\colorer\viewer\ConsoleTools.h">
      <Filter>Header Files</Filter>
    </ClInclude>
    <ClInclude Include="..\shared\cregexp\cregexp.h">
      <Filter>Header Files</Filter>
    </ClInclude>
    <ClInclude Include="..\shared\colorer\handlers\DefaultErrorHandler.h">
      <Filter>Header Files</Filter>
    </ClInclude>
    <ClInclude Include="..\shared\unicode\DString.h">
      <Filter>Header Files</Filter>
    </ClInclude>
    <ClInclude Include="..\shared\unicode\Encodings.h">
      <Filter>Header Files</Filter>
    </ClInclude>
    <ClInclude Include="..\shared\colorer\ErrorHandler.h">
      <Filter>Header Files</Filter>
    </ClInclude>
    <ClInclude Include="..\shared\colorer\handlers\ErrorHandlerWriter.h">
      <Filter>Header Files</Filter>
    </ClInclude>
    <ClInclude Include="..\shared\common\Exception.h">
      <Filter>Header Files</Filter>
    </ClInclude>
    <ClInclude Include="..\shared\farplugin\farcolor.hpp">
      <Filter>Header Files</Filter>
    </ClInclude>
    <ClInclude Include="..\shared\farplugin\farkeys.hpp">
      <Filter>Header Files</Filter>
    </ClInclude>
    <ClInclude Include="..\shared\common\Features.h">
      <Filter>Header Files</Filter>
    </ClInclude>
    <ClInclude Include="..\shared\colorer\handlers\FileErrorHandler.h">
      <Filter>Header Files</Filter>
    </ClInclude>
    <ClInclude Include="..\shared\common\io\FileInputSource.h">
      <Filter>Header Files</Filter>
    </ClInclude>
    <ClInclude Include="..\shared\colorer\FileType.h">
      <Filter>Header Files</Filter>
    </ClInclude>
    <ClInclude Include="..\shared\colorer\parsers\helpers\FileTypeImpl.h">
      <Filter>Header Files</Filter>
    </ClInclude>
    <ClInclude Include="..\shared\common\io\FileWriter.h">
      <Filter>Header Files</Filter>
    </ClInclude>
    <ClInclude Include="..\shared\farplugin\fmt.hpp">
      <Filter>Header Files</Filter>
    </ClInclude>
    <ClInclude Include="..\shared\common\Hashtable.h">
      <Filter>Header Files</Filter>
    </ClInclude>
    <ClInclude Include="..\shared\common\HashtableCore.h">
      <Filter>Header Files</Filter>
    </ClInclude>
    <ClInclude Include="..\shared\colorer\HRCParser.h">
      <Filter>Header Files</Filter>
    </ClInclude>
    <ClInclude Include="..\shared\colorer\parsers\helpers\HRCParserHelpers.h">
      <Filter>Header Files</Filter>
    </ClInclude>
    <ClInclude Include="..\shared\colorer\parsers\HRCParserImpl.h">
      <Filter>Header Files</Filter>
    </ClInclude>
    <ClInclude Include="..\shared\common\io\HTTPInputSource.h">
      <Filter>Header Files</Filter>
    </ClInclude>
    <ClInclude Include="..\zlib\infblock.h">
      <Filter>Header Files</Filter>
    </ClInclude>
    <ClInclude Include="..\zlib\infcodes.h">
      <Filter>Header Files</Filter>
    </ClInclude>
    <ClInclude Include="..\zlib\inffast.h">
      <Filter>Header Files</Filter>
    </ClInclude>
    <ClInclude Include="..\zlib\inffixed.h">
      <Filter>Header Files</Filter>
    </ClInclude>
    <ClInclude Include="..\zlib\inftrees.h">
      <Filter>Header Files</Filter>
    </ClInclude>
    <ClInclude Include="..\zlib\infutil.h">
      <Filter>Header Files</Filter>
    </ClInclude>
    <ClInclude Include="..\shared\common\io\InputSource.h">
      <Filter>Header Files</Filter>
    </ClInclude>
    <ClInclude Include="..\zlib\contrib\minizip\ioapi.h">
      <Filter>Header Files</Filter>
    </ClInclude>
    <ClInclude Include="..\shared\common\io\JARInputSource.h">
      <Filter>Header Files</Filter>
    </ClInclude>
    <ClInclude Include="..\shared\colorer\handlers\LineRegion.h">
      <Filter>Header Files</Filter>
    </ClInclude>
    <ClInclude Include="..\shared\colorer\handlers\LineRegionsCompactSupport.h">
      <Filter>Header Files</Filter>
    </ClInclude>
    <ClInclude Include="..\shared\colorer\handlers\LineRegionsSupport.h">
      <Filter>Header Files</Filter>
    </ClInclude>
    <ClInclude Include="..\shared\colorer\LineSource.h">
      <Filter>Header Files</Filter>
    </ClInclude>
    <ClInclude Include="..\shared\common\Logging.h">
      <Filter>Header Files</Filter>
    </ClInclude>
    <ClInclude Include="..\shared\common\MemoryChunks.h">
      <Filter>Header Files</Filter>
    </ClInclude>
    <ClInclude Include="..\shared\common\io\MemoryFile.h">
      <Filter>Header Files</Filter>
    </ClInclude>
    <ClInclude Include="..\shared\common\MemoryOperator.h">
      <Filter>Header Files</Filter>
    </ClInclude>
    <ClInclude Include="..\shared\colorer\editor\OutlineItem.h">
      <Filter>Header Files</Filter>
    </ClInclude>
    <ClInclude Include="..\shared\colorer\editor\Outliner.h">
      <Filter>Header Files</Filter>
    </ClInclude>
    <ClInclude Include="..\shared\colorer\editor\PairMatch.h">
      <Filter>Header Files</Filter>
    </ClInclude>
    <ClInclude Include="..\shared\colorer\viewer\ParsedLineWriter.h">
      <Filter>Header Files</Filter>
    </ClInclude>
    <ClInclude Include="..\shared\colorer\ParserFactory.h">
      <Filter>Header Files</Filter>
    </ClInclude>
    <ClInclude Include="..\shared\colorer\ParserFactoryException.h">
      <Filter>Header Files</Filter>
    </ClInclude>
    <ClInclude Include="..\shared\farplugin\plugin.hpp">
      <Filter>Header Files</Filter>
    </ClInclude>
    <ClInclude Include="..\shared\colorer\Region.h">
      <Filter>Header Files</Filter>
    </ClInclude>
    <ClInclude Include="..\shared\colorer\handlers\RegionDefine.h">
      <Filter>Header Files</Filter>
    </ClInclude>
    <ClInclude Include="..\shared\colorer\RegionHandler.h">
      <Filter>Header Files</Filter>
    </ClInclude>
    <ClInclude Include="..\shared\colorer\handlers\RegionMapper.h">
      <Filter>Header Files</Filter>
    </ClInclude>
    <ClInclude Include="..\shared\colorer\handlers\RegionMapperImpl.h">
      <Filter>Header Files</Filter>
    </ClInclude>
    <ClInclude Include="..\shared\colorer\Scheme.h">
      <Filter>Header Files</Filter>
    </ClInclude>
    <ClInclude Include="..\shared\common\io\SharedInputSource.h">
      <Filter>Header Files</Filter>
    </ClInclude>
    <ClInclude Include="..\shared\unicode\SString.h">
      <Filter>Header Files</Filter>
    </ClInclude>
    <ClInclude Include="..\shared\common\io\StreamWriter.h">
      <Filter>Header Files</Filter>
    </ClInclude>
    <ClInclude Include="..\shared\unicode\String.h">
      <Filter>Header Files</Filter>
    </ClInclude>
    <ClInclude Include="..\shared\unicode\StringBuffer.h">
      <Filter>Header Files</Filter>
    </ClInclude>
    <ClInclude Include="..\shared\colorer\handlers\StyledHRDMapper.h">
      <Filter>Header Files</Filter>
    </ClInclude>
    <ClInclude Include="..\shared\colorer\handlers\StyledRegion.h">
      <Filter>Header Files</Filter>
    </ClInclude>
    <ClInclude Include="..\shared\colorer\viewer\TextConsoleViewer.h">
      <Filter>Header Files</Filter>
    </ClInclude>
    <ClInclude Include="..\shared\colorer\handlers\TextHRDMapper.h">
      <Filter>Header Files</Filter>
    </ClInclude>
    <ClInclude Include="..\shared\colorer\viewer\TextLinesStore.h">
      <Filter>Header Files</Filter>
    </ClInclude>
    <ClInclude Include="..\shared\colorer\TextParser.h">
      <Filter>Header Files</Filter>
    </ClInclude>
    <ClInclude Include="..\shared\colorer\parsers\helpers\TextParserHelpers.h">
      <Filter>Header Files</Filter>
    </ClInclude>
    <ClInclude Include="..\shared\colorer\parsers\TextParserImpl.h">
      <Filter>Header Files</Filter>
    </ClInclude>
    <ClInclude Include="..\shared\colorer\handlers\TextRegion.h">
      <Filter>Header Files</Filter>
    </ClInclude>
    <ClInclude Include="..\shared\unicode\UnicodeTools.h">
      <Filter>Header Files</Filter>
    </ClInclude>
    <ClInclude Include="..\zlib\contrib\minizip\unzip.h">
      <Filter>Header Files</Filter>
    </ClInclude>
    <ClInclude Include="..\shared\common\Vector.h">
      <Filter>Header Files</Filter>
    </ClInclude>
    <ClInclude Include="..\shared\common\io\Writer.h">
      <Filter>Header Files</Filter>
    </ClInclude>
    <ClInclude Include="..\shared\unicode\x_charcategory.h">
      <Filter>Header Files</Filter>
    </ClInclude>
    <ClInclude Include="..\shared\unicode\x_charcategory2.h">
      <Filter>Header Files</Filter>
    </ClInclude>
    <ClInclude Include="..\shared\unicode\x_charcategory_names.h">
      <Filter>Header Files</Filter>
    </ClInclude>
    <ClInclude Include="..\shared\unicode\x_defines.h">
      <Filter>Header Files</Filter>
    </ClInclude>
    <ClInclude Include="..\shared\unicode\x_encodings.h">
      <Filter>Header Files</Filter>
    </ClInclude>
    <ClInclude Include="..\shared\unicode\x_tables.h">
      <Filter>Header Files</Filter>
    </ClInclude>
    <ClInclude Include="..\shared\xml\xmldom.h">
      <Filter>Header Files</Filter>
    </ClInclude>
    <ClInclude Include="..\zlib\zconf.h">
      <Filter>Header Files</Filter>
    </ClInclude>
    <ClInclude Include="..\zlib\contrib\minizip\zconf.h">
      <Filter>Header Files</Filter>
    </ClInclude>
    <ClInclude Include="..\zlib\zlib.h">
      <Filter>Header Files</Filter>
    </ClInclude>
    <ClInclude Include="..\zlib\zutil.h">
      <Filter>Header Files</Filter>
    </ClInclude>
  </ItemGroup>
</Project>