
Microsoft Visual Studio Solution File, Format Version 10.00
# Visual Studio 2008
Project("{8BC9CEB8-8B4A-11D0-8D11-00A0C91BC942}") = "test_speed", "test_speed.vcproj", "{E6B6536C-4587-4283-9718-0D903414D419}"
EndProject
Global
	GlobalSection(DPCodeReviewSolutionGUID) = preSolution
		DPCodeReviewSolutionGUID = {00000000-0000-0000-0000-000000000000}
	EndGlobalSection
	GlobalSection(SolutionConfigurationPlatforms) = preSolution
		Debug|Win32 = Debug|Win32
		Release|Win32 = Release|Win32
	EndGlobalSection
	GlobalSection(ProjectConfigurationPlatforms) = postSolution
		{E6B6536C-4587-4283-9718-0D903414D419}.Debug|Win32.ActiveCfg = Debug|Win32
		{E6B6536C-4587-4283-9718-0D903414D419}.Debug|Win32.Build.0 = Debug|Win32
		{E6B6536C-4587-4283-9718-0D903414D419}.Release|Win32.ActiveCfg = Release|Win32
		{E6B6536C-4587-4283-9718-0D903414D419}.Release|Win32.Build.0 = Release|Win32
	EndGlobalSection
	GlobalSection(SolutionProperties) = preSolution
		HideSolutionNode = FALSE
	EndGlobalSection
EndGlobal
